version = 1
revision = 3
requires-python = ">=3.9.0, <3.12"
resolution-markers = [
    "python_full_version >= '3.11'",
    "python_full_version == '3.10.*'",
    "python_full_version < '3.10'",
]

[[package]]
name = "aiosqlite"
version = "0.22.1"
source = { registry = "https://pypi-mirror.gitverse.ru/simple/" }
sdist = { url = "https://pypi-mirror.gitverse.ru/packages/aiosqlite/0.22.1/aiosqlite-0.22.1.tar.gz", hash = "sha256:043e0bd78d32888c0a9ca90fc788b38796843360c855a7262a532813133a0650" }
wheels = [
    { url = "https://pypi-mirror.gitverse.ru/packages/aiosqlite/0.22.1/aiosqlite-0.22.1-py3-none-any.whl", hash = "sha256:21c002eb13823fad740196c5a2e9d8e62f6243bd9e7e4a1f87fb5e44ecb4fceb" },
]

[[package]]
name = "altgraph"
version = "0.17.5"
source = { registry = "https://pypi-mirror.gitverse.ru/simple/" }
sdist = { url = "https://pypi-mirror.gitverse.ru/packages/altgraph/0.17.5/altgraph-0.17.5.tar.gz", hash = "sha256:c87b395dd12fabde9c99573a9749d67da8d29ef9de0125c7f536699b4a9bc9e7" }
wheels = [
    { url = "https://pypi-mirror.gitverse.ru/packages/altgraph/0.17.5/altgraph-0.17.5-py2.py3-none-any.whl", hash = "sha256:f3a22400bce1b0c701683820ac4f3b159cd301acab067c51c653e06961600597" },
]

[[package]]
name = "colorama"
version = "0.4.6"
source = { registry = "https://pypi-mirror.gitverse.ru/simple/" }
sdist = { url = "https://pypi-mirror.gitverse.ru/packages/colorama/0.4.6/colorama-0.4.6.tar.gz", hash = "sha256:08695f5cb7ed6e0531a20572697297273c47b8cae5a63ffc6d6ed5c201be6e44" }
wheels = [
    { url = "https://pypi-mirror.gitverse.ru/packages/colorama/0.4.6/colorama-0.4.6-py2.py3-none-any.whl", hash = "sha256:4f1d9991f5acc0ca119f9d443620b77f9d6b33703e51011c16baf57afb285fc6" },
]

[[package]]
name = "importlib-metadata"
version = "8.7.1"
source = { registry = "https://pypi-mirror.gitverse.ru/simple/" }
dependencies = [
    { name = "zipp" },
]
sdist = { url = "https://pypi-mirror.gitverse.ru/packages/importlib-metadata/8.7.1/importlib_metadata-8.7.1.tar.gz", hash = "sha256:49fef1ae6440c182052f407c8d34a68f72efc36db9ca90dc0113398f2fdde8bb" }
wheels = [
    { url = "https://pypi-mirror.gitverse.ru/packages/importlib-metadata/8.7.1/importlib_metadata-8.7.1-py3-none-any.whl", hash = "sha256:5a1f80bf1daa489495071efbb095d75a634cf28a8bc299581244063b53176151" },
]

[[package]]
name = "kurigram"
version = "2.2.19"
source = { registry = "https://pypi-mirror.gitverse.ru/simple/" }
dependencies = [
    { name = "pyaes" },
    { name = "pysocks" },
]
sdist = { url = "https://pypi-mirror.gitverse.ru/packages/kurigram/2.2.19/kurigram-2.2.19.tar.gz", hash = "sha256:6d86a870834527e91c6308f8307796a985a437a39e8112e3bc7a649c6d1f7daa" }
wheels = [
    { url = "https://pypi-mirror.gitverse.ru/packages/kurigram/2.2.19/kurigram-2.2.19-py3-none-any.whl", hash = "sha256:fa255cfc1aaa4b9be9ed3120af612a460a3e1c78d872b6090717ea77ca31dbf8" },
]

[[package]]
name = "loguru"
version = "0.7.3"
source = { registry = "https://pypi-mirror.gitverse.ru/simple/" }
dependencies = [
    { name = "colorama", marker = "sys_platform == 'win32'" },
    { name = "win32-setctime", marker = "sys_platform == 'win32'" },
]
sdist = { url = "https://pypi-mirror.gitverse.ru/packages/loguru/0.7.3/loguru-0.7.3.tar.gz", hash = "sha256:19480589e77d47b8d85b2c827ad95d49bf31b0dcde16593892eb51dd18706eb6" }
wheels = [
    { url = "https://pypi-mirror.gitverse.ru/packages/loguru/0.7.3/loguru-0.7.3-py3-none-any.whl", hash = "sha256:31a33c10c8e1e10422bfd431aeb5d351c7cf7fa671e3c4df004162264b28220c" },
]

[[package]]
name = "macholib"
version = "1.16.4"
source = { registry = "https://pypi-mirror.gitverse.ru/simple/" }
dependencies = [
    { name = "altgraph" },
]
sdist = { url = "https://pypi-mirror.gitverse.ru/packages/macholib/1.16.4/macholib-1.16.4.tar.gz", hash = "sha256:f408c93ab2e995cd2c46e34fe328b130404be143469e41bc366c807448979362" }
wheels = [
    { url = "https://pypi-mirror.gitverse.ru/packages/macholib/1.16.4/macholib-1.16.4-py2.py3-none-any.whl", hash = "sha256:da1a3fa8266e30f0ce7e97c6a54eefaae8edd1e5f86f3eb8b95457cae90265ea" },
]

[[package]]
name = "numpy"
version = "2.0.2"
source = { registry = "https://pypi-mirror.gitverse.ru/simple/" }
resolution-markers = [
    "python_full_version < '3.10'",
]
sdist = { url = "https://pypi-mirror.gitverse.ru/packages/numpy/2.0.2/numpy-2.0.2.tar.gz", hash = "sha256:883c987dee1880e2a864ab0dc9892292582510604156762362d9326444636e78" }
wheels = [
    { url = "https://pypi-mirror.gitverse.ru/packages/numpy/2.0.2/numpy-2.0.2-cp310-cp310-macosx_10_9_x86_64.whl", hash = "sha256:51129a29dbe56f9ca83438b706e2e69a39892b5eda6cedcb6b0c9fdc9b0d3ece" },
    { url = "https://pypi-mirror.gitverse.ru/packages/numpy/2.0.2/numpy-2.0.2-cp310-cp310-macosx_11_0_arm64.whl", hash = "sha256:f15975dfec0cf2239224d80e32c3170b1d168335eaedee69da84fbe9f1f9cd04" },
    { url = "https://pypi-mirror.gitverse.ru/packages/numpy/2.0.2/numpy-2.0.2-cp310-cp310-macosx_14_0_arm64.whl", hash = "sha256:8c5713284ce4e282544c68d1c3b2c7161d38c256d2eefc93c1d683cf47683e66" },
    { url = "https://pypi-mirror.gitverse.ru/packages/numpy/2.0.2/numpy-2.0.2-cp310-cp310-macosx_14_0_x86_64.whl", hash = "sha256:becfae3ddd30736fe1889a37f1f580e245ba79a5855bff5f2a29cb3ccc22dd7b" },
    { url = "https://pypi-mirror.gitverse.ru/packages/numpy/2.0.2/numpy-2.0.2-cp310-cp310-manylinux_2_17_aarch64.manylinux2014_aarch64.whl", hash = "sha256:2da5960c3cf0df7eafefd806d4e612c5e19358de82cb3c343631188991566ccd" },
    { url = "https://pypi-mirror.gitverse.ru/packages/numpy/2.0.2/numpy-2.0.2-cp310-cp310-manylinux_2_17_x86_64.manylinux2014_x86_64.whl", hash = "sha256:496f71341824ed9f3d2fd36cf3ac57ae2e0165c143b55c3a035ee219413f3318" },
    { url = "https://pypi-mirror.gitverse.ru/packages/numpy/2.0.2/numpy-2.0.2-cp310-cp310-musllinux_1_1_x86_64.whl", hash = "sha256:a61ec659f68ae254e4d237816e33171497e978140353c0c2038d46e63282d0c8" },
    { url = "https://pypi-mirror.gitverse.ru/packages/numpy/2.0.2/numpy-2.0.2-cp310-cp310-musllinux_1_2_aarch64.whl", hash = "sha256:d731a1c6116ba289c1e9ee714b08a8ff882944d4ad631fd411106a30f083c326" },
    { url = "https://pypi-mirror.gitverse.ru/packages/numpy/2.0.2/numpy-2.0.2-cp310-cp310-win32.whl", hash = "sha256:984d96121c9f9616cd33fbd0618b7f08e0cfc9600a7ee1d6fd9b239186d19d97" },
    { url = "https://pypi-mirror.gitverse.ru/packages/numpy/2.0.2/numpy-2.0.2-cp310-cp310-win_amd64.whl", hash = "sha256:c7b0be4ef08607dd04da4092faee0b86607f111d5ae68036f16cc787e250a131" },
    { url = "https://pypi-mirror.gitverse.ru/packages/numpy/2.0.2/numpy-2.0.2-cp311-cp311-macosx_10_9_x86_64.whl", hash = "sha256:49ca4decb342d66018b01932139c0961a8f9ddc7589611158cb3c27cbcf76448" },
    { url = "https://pypi-mirror.gitverse.ru/packages/numpy/2.0.2/numpy-2.0.2-cp311-cp311-macosx_11_0_arm64.whl", hash = "sha256:11a76c372d1d37437857280aa142086476136a8c0f373b2e648ab2c8f18fb195" },
    { url = "https://pypi-mirror.gitverse.ru/packages/numpy/2.0.2/numpy-2.0.2-cp311-cp311-macosx_14_0_arm64.whl", hash = "sha256:807ec44583fd708a21d4a11d94aedf2f4f3c3719035c76a2bbe1fe8e217bdc57" },
    { url = "https://pypi-mirror.gitverse.ru/packages/numpy/2.0.2/numpy-2.0.2-cp311-cp311-macosx_14_0_x86_64.whl", hash = "sha256:8cafab480740e22f8d833acefed5cc87ce276f4ece12fdaa2e8903db2f82897a" },
    { url = "https://pypi-mirror.gitverse.ru/packages/numpy/2.0.2/numpy-2.0.2-cp311-cp311-manylinux_2_17_aarch64.manylinux2014_aarch64.whl", hash = "sha256:a15f476a45e6e5a3a79d8a14e62161d27ad897381fecfa4a09ed5322f2085669" },
    { url = "https://pypi-mirror.gitverse.ru/packages/numpy/2.0.2/numpy-2.0.2-cp311-cp311-manylinux_2_17_x86_64.manylinux2014_x86_64.whl", hash = "sha256:13e689d772146140a252c3a28501da66dfecd77490b498b168b501835041f951" },
    { url = "https://pypi-mirror.gitverse.ru/packages/numpy/2.0.2/numpy-2.0.2-cp311-cp311-musllinux_1_1_x86_64.whl", hash = "sha256:9ea91dfb7c3d1c56a0e55657c0afb38cf1eeae4544c208dc465c3c9f3a7c09f9" },
    { url = "https://pypi-mirror.gitverse.ru/packages/numpy/2.0.2/numpy-2.0.2-cp311-cp311-musllinux_1_2_aarch64.whl", hash = "sha256:c1c9307701fec8f3f7a1e6711f9089c06e6284b3afbbcd259f7791282d660a15" },
    { url = "https://pypi-mirror.gitverse.ru/packages/numpy/2.0.2/numpy-2.0.2-cp311-cp311-win32.whl", hash = "sha256:a392a68bd329eafac5817e5aefeb39038c48b671afd242710b451e76090e81f4" },
    { url = "https://pypi-mirror.gitverse.ru/packages/numpy/2.0.2/numpy-2.0.2-cp311-cp311-win_amd64.whl", hash = "sha256:286cd40ce2b7d652a6f22efdfc6d1edf879440e53e76a75955bc0c826c7e64dc" },
    { url = "https://pypi-mirror.gitverse.ru/packages/numpy/2.0.2/numpy-2.0.2-cp39-cp39-macosx_10_9_x86_64.whl", hash = "sha256:9059e10581ce4093f735ed23f3b9d283b9d517ff46009ddd485f1747eb22653c" },
    { url = "https://pypi-mirror.gitverse.ru/packages/numpy/2.0.2/numpy-2.0.2-cp39-cp39-macosx_11_0_arm64.whl", hash = "sha256:423e89b23490805d2a5a96fe40ec507407b8ee786d66f7328be214f9679df6dd" },
    { url = "https://pypi-mirror.gitverse.ru/packages/numpy/2.0.2/numpy-2.0.2-cp39-cp39-macosx_14_0_arm64.whl", hash = "sha256:2b2955fa6f11907cf7a70dab0d0755159bca87755e831e47932367fc8f2f2d0b" },
    { url = "https://pypi-mirror.gitverse.ru/packages/numpy/2.0.2/numpy-2.0.2-cp39-cp39-macosx_14_0_x86_64.whl", hash = "sha256:97032a27bd9d8988b9a97a8c4d2c9f2c15a81f61e2f21404d7e8ef00cb5be729" },
    { url = "https://pypi-mirror.gitverse.ru/packages/numpy/2.0.2/numpy-2.0.2-cp39-cp39-manylinux_2_17_aarch64.manylinux2014_aarch64.whl", hash = "sha256:1e795a8be3ddbac43274f18588329c72939870a16cae810c2b73461c40718ab1" },
    { url = "https://pypi-mirror.gitverse.ru/packages/numpy/2.0.2/numpy-2.0.2-cp39-cp39-manylinux_2_17_x86_64.manylinux2014_x86_64.whl", hash = "sha256:f26b258c385842546006213344c50655ff1555a9338e2e5e02a0756dc3e803dd" },
    { url = "https://pypi-mirror.gitverse.ru/packages/numpy/2.0.2/numpy-2.0.2-cp39-cp39-musllinux_1_1_x86_64.whl", hash = "sha256:5fec9451a7789926bcf7c2b8d187292c9f93ea30284802a0ab3f5be8ab36865d" },
    { url = "https://pypi-mirror.gitverse.ru/packages/numpy/2.0.2/numpy-2.0.2-cp39-cp39-musllinux_1_2_aarch64.whl", hash = "sha256:9189427407d88ff25ecf8f12469d4d39d35bee1db5d39fc5c168c6f088a6956d" },
    { url = "https://pypi-mirror.gitverse.ru/packages/numpy/2.0.2/numpy-2.0.2-cp39-cp39-win32.whl", hash = "sha256:905d16e0c60200656500c95b6b8dca5d109e23cb24abc701d41c02d74c6b3afa" },
    { url = "https://pypi-mirror.gitverse.ru/packages/numpy/2.0.2/numpy-2.0.2-cp39-cp39-win_amd64.whl", hash = "sha256:a3f4ab0caa7f053f6797fcd4e1e25caee367db3112ef2b6ef82d749530768c73" },
    { url = "https://pypi-mirror.gitverse.ru/packages/numpy/2.0.2/numpy-2.0.2-pp39-pypy39_pp73-macosx_10_9_x86_64.whl", hash = "sha256:7f0a0c6f12e07fa94133c8a67404322845220c06a9e80e85999afe727f7438b8" },
    { url = "https://pypi-mirror.gitverse.ru/packages/numpy/2.0.2/numpy-2.0.2-pp39-pypy39_pp73-macosx_14_0_x86_64.whl", hash = "sha256:312950fdd060354350ed123c0e25a71327d3711584beaef30cdaa93320c392d4" },
    { url = "https://pypi-mirror.gitverse.ru/packages/numpy/2.0.2/numpy-2.0.2-pp39-pypy39_pp73-manylinux_2_17_x86_64.manylinux2014_x86_64.whl", hash = "sha256:26df23238872200f63518dd2aa984cfca675d82469535dc7162dc2ee52d9dd5c" },
    { url = "https://pypi-mirror.gitverse.ru/packages/numpy/2.0.2/numpy-2.0.2-pp39-pypy39_pp73-win_amd64.whl", hash = "sha256:a46288ec55ebbd58947d31d72be2c63cbf839f0a63b49cb755022310792a3385" },
]

[[package]]
name = "numpy"
version = "2.2.6"
source = { registry = "https://pypi-mirror.gitverse.ru/simple/" }
resolution-markers = [
    "python_full_version == '3.10.*'",
]
sdist = { url = "https://pypi-mirror.gitverse.ru/packages/numpy/2.2.6/numpy-2.2.6.tar.gz", hash = "sha256:e29554e2bef54a90aa5cc07da6ce955accb83f21ab5de01a62c8478897b264fd" }
wheels = [
    { url = "https://pypi-mirror.gitverse.ru/packages/numpy/2.2.6/numpy-2.2.6-cp310-cp310-macosx_10_9_x86_64.whl", hash = "sha256:b412caa66f72040e6d268491a59f2c43bf03eb6c96dd8f0307829feb7fa2b6fb" },
    { url = "https://pypi-mirror.gitverse.ru/packages/numpy/2.2.6/numpy-2.2.6-cp310-cp310-macosx_11_0_arm64.whl", hash = "sha256:8e41fd67c52b86603a91c1a505ebaef50b3314de0213461c7a6e99c9a3beff90" },
    { url = "https://pypi-mirror.gitverse.ru/packages/numpy/2.2.6/numpy-2.2.6-cp310-cp310-macosx_14_0_arm64.whl", hash = "sha256:37e990a01ae6ec7fe7fa1c26c55ecb672dd98b19c3d0e1d1f326fa13cb38d163" },
    { url = "https://pypi-mirror.gitverse.ru/packages/numpy/2.2.6/numpy-2.2.6-cp310-cp310-macosx_14_0_x86_64.whl", hash = "sha256:5a6429d4be8ca66d889b7cf70f536a397dc45ba6faeb5f8c5427935d9592e9cf" },
    { url = "https://pypi-mirror.gitverse.ru/packages/numpy/2.2.6/numpy-2.2.6-cp310-cp310-manylinux_2_17_aarch64.manylinux2014_aarch64.whl", hash = "sha256:efd28d4e9cd7d7a8d39074a4d44c63eda73401580c5c76acda2ce969e0a38e83" },
    { url = "https://pypi-mirror.gitverse.ru/packages/numpy/2.2.6/numpy-2.2.6-cp310-cp310-manylinux_2_17_x86_64.manylinux2014_x86_64.whl", hash = "sha256:fc7b73d02efb0e18c000e9ad8b83480dfcd5dfd11065997ed4c6747470ae8915" },
    { url = "https://pypi-mirror.gitverse.ru/packages/numpy/2.2.6/numpy-2.2.6-cp310-cp310-musllinux_1_2_aarch64.whl", hash = "sha256:74d4531beb257d2c3f4b261bfb0fc09e0f9ebb8842d82a7b4209415896adc680" },
    { url = "https://pypi-mirror.gitverse.ru/packages/numpy/2.2.6/numpy-2.2.6-cp310-cp310-musllinux_1_2_x86_64.whl", hash = "sha256:8fc377d995680230e83241d8a96def29f204b5782f371c532579b4f20607a289" },
    { url = "https://pypi-mirror.gitverse.ru/packages/numpy/2.2.6/numpy-2.2.6-cp310-cp310-win32.whl", hash = "sha256:b093dd74e50a8cba3e873868d9e93a85b78e0daf2e98c6797566ad8044e8363d" },
    { url = "https://pypi-mirror.gitverse.ru/packages/numpy/2.2.6/numpy-2.2.6-cp310-cp310-win_amd64.whl", hash = "sha256:f0fd6321b839904e15c46e0d257fdd101dd7f530fe03fd6359c1ea63738703f3" },
    { url = "https://pypi-mirror.gitverse.ru/packages/numpy/2.2.6/numpy-2.2.6-cp311-cp311-macosx_10_9_x86_64.whl", hash = "sha256:f9f1adb22318e121c5c69a09142811a201ef17ab257a1e66ca3025065b7f53ae" },
    { url = "https://pypi-mirror.gitverse.ru/packages/numpy/2.2.6/numpy-2.2.6-cp311-cp311-macosx_11_0_arm64.whl", hash = "sha256:c820a93b0255bc360f53eca31a0e676fd1101f673dda8da93454a12e23fc5f7a" },
    { url = "https://pypi-mirror.gitverse.ru/packages/numpy/2.2.6/numpy-2.2.6-cp311-cp311-macosx_14_0_arm64.whl", hash = "sha256:3d70692235e759f260c3d837193090014aebdf026dfd167834bcba43e30c2a42" },
    { url = "https://pypi-mirror.gitverse.ru/packages/numpy/2.2.6/numpy-2.2.6-cp311-cp311-macosx_14_0_x86_64.whl", hash = "sha256:481b49095335f8eed42e39e8041327c05b0f6f4780488f61286ed3c01368d491" },
    { url = "https://pypi-mirror.gitverse.ru/packages/numpy/2.2.6/numpy-2.2.6-cp311-cp311-manylinux_2_17_aarch64.manylinux2014_aarch64.whl", hash = "sha256:b64d8d4d17135e00c8e346e0a738deb17e754230d7e0810ac5012750bbd85a5a" },
    { url = "https://pypi-mirror.gitverse.ru/packages/numpy/2.2.6/numpy-2.2.6-cp311-cp311-manylinux_2_17_x86_64.manylinux2014_x86_64.whl", hash = "sha256:ba10f8411898fc418a521833e014a77d3ca01c15b0c6cdcce6a0d2897e6dbbdf" },
    { url = "https://pypi-mirror.gitverse.ru/packages/numpy/2.2.6/numpy-2.2.6-cp311-cp311-musllinux_1_2_aarch64.whl", hash = "sha256:bd48227a919f1bafbdda0583705e547892342c26fb127219d60a5c36882609d1" },
    { url = "https://pypi-mirror.gitverse.ru/packages/numpy/2.2.6/numpy-2.2.6-cp311-cp311-musllinux_1_2_x86_64.whl", hash = "sha256:9551a499bf125c1d4f9e250377c1ee2eddd02e01eac6644c080162c0c51778ab" },
    { url = "https://pypi-mirror.gitverse.ru/packages/numpy/2.2.6/numpy-2.2.6-cp311-cp311-win32.whl", hash = "sha256:0678000bb9ac1475cd454c6b8c799206af8107e310843532b04d49649c717a47" },
    { url = "https://pypi-mirror.gitverse.ru/packages/numpy/2.2.6/numpy-2.2.6-cp311-cp311-win_amd64.whl", hash = "sha256:e8213002e427c69c45a52bbd94163084025f533a55a59d6f9c5b820774ef3303" },
    { url = "https://pypi-mirror.gitverse.ru/packages/numpy/2.2.6/numpy-2.2.6-pp310-pypy310_pp73-macosx_10_15_x86_64.whl", hash = "sha256:0b605b275d7bd0c640cad4e5d30fa701a8d59302e127e5f79138ad62762c3e3d" },
    { url = "https://pypi-mirror.gitverse.ru/packages/numpy/2.2.6/numpy-2.2.6-pp310-pypy310_pp73-macosx_14_0_x86_64.whl", hash = "sha256:7befc596a7dc9da8a337f79802ee8adb30a552a94f792b9c9d18c840055907db" },
    { url = "https://pypi-mirror.gitverse.ru/packages/numpy/2.2.6/numpy-2.2.6-pp310-pypy310_pp73-manylinux_2_17_x86_64.manylinux2014_x86_64.whl", hash = "sha256:ce47521a4754c8f4593837384bd3424880629f718d87c5d44f8ed763edd63543" },
    { url = "https://pypi-mirror.gitverse.ru/packages/numpy/2.2.6/numpy-2.2.6-pp310-pypy310_pp73-win_amd64.whl", hash = "sha256:d042d24c90c41b54fd506da306759e06e568864df8ec17ccc17e9e884634fd00" },
]

[[package]]
name = "numpy"
version = "2.4.3"
source = { registry = "https://pypi-mirror.gitverse.ru/simple/" }
resolution-markers = [
    "python_full_version >= '3.11'",
]
sdist = { url = "https://pypi-mirror.gitverse.ru/packages/numpy/2.4.3/numpy-2.4.3.tar.gz", hash = "sha256:483a201202b73495f00dbc83796c6ae63137a9bdade074f7648b3e32613412dd" }
wheels = [
    { url = "https://pypi-mirror.gitverse.ru/packages/numpy/2.4.3/numpy-2.4.3-cp311-cp311-macosx_10_9_x86_64.whl", hash = "sha256:33b3bf58ee84b172c067f56aeadc7ee9ab6de69c5e800ab5b10295d54c581adb" },
    { url = "https://pypi-mirror.gitverse.ru/packages/numpy/2.4.3/numpy-2.4.3-cp311-cp311-macosx_11_0_arm64.whl", hash = "sha256:8ba7b51e71c05aa1f9bc3641463cd82308eab40ce0d5c7e1fd4038cbf9938147" },
    { url = "https://pypi-mirror.gitverse.ru/packages/numpy/2.4.3/numpy-2.4.3-cp311-cp311-macosx_14_0_arm64.whl", hash = "sha256:a1988292870c7cb9d0ebb4cc96b4d447513a9644801de54606dc7aabf2b7d920" },
    { url = "https://pypi-mirror.gitverse.ru/packages/numpy/2.4.3/numpy-2.4.3-cp311-cp311-macosx_14_0_x86_64.whl", hash = "sha256:23b46bb6d8ecb68b58c09944483c135ae5f0e9b8d8858ece5e4ead783771d2a9" },
    { url = "https://pypi-mirror.gitverse.ru/packages/numpy/2.4.3/numpy-2.4.3-cp311-cp311-manylinux_2_27_aarch64.manylinux_2_28_aarch64.whl", hash = "sha256:a016db5c5dba78fa8fe9f5d80d6708f9c42ab087a739803c0ac83a43d686a470" },
    { url = "https://pypi-mirror.gitverse.ru/packages/numpy/2.4.3/numpy-2.4.3-cp311-cp311-manylinux_2_27_x86_64.manylinux_2_28_x86_64.whl", hash = "sha256:715de7f82e192e8cae5a507a347d97ad17598f8e026152ca97233e3666daaa71" },
    { url = "https://pypi-mirror.gitverse.ru/packages/numpy/2.4.3/numpy-2.4.3-cp311-cp311-musllinux_1_2_aarch64.whl", hash = "sha256:2ddb7919366ee468342b91dea2352824c25b55814a987847b6c52003a7c97f15" },
    { url = "https://pypi-mirror.gitverse.ru/packages/numpy/2.4.3/numpy-2.4.3-cp311-cp311-musllinux_1_2_x86_64.whl", hash = "sha256:a315e5234d88067f2d97e1f2ef670a7569df445d55400f1e33d117418d008d52" },
    { url = "https://pypi-mirror.gitverse.ru/packages/numpy/2.4.3/numpy-2.4.3-cp311-cp311-win32.whl", hash = "sha256:2b3f8d2c4589b1a2028d2a770b0fc4d1f332fb5e01521f4de3199a896d158ddd" },
    { url = "https://pypi-mirror.gitverse.ru/packages/numpy/2.4.3/numpy-2.4.3-cp311-cp311-win_amd64.whl", hash = "sha256:77e76d932c49a75617c6d13464e41203cd410956614d0a0e999b25e9e8d27eec" },
    { url = "https://pypi-mirror.gitverse.ru/packages/numpy/2.4.3/numpy-2.4.3-cp311-cp311-win_arm64.whl", hash = "sha256:eb610595dd91560905c132c709412b512135a60f1851ccbd2c959e136431ff67" },
    { url = "https://pypi-mirror.gitverse.ru/packages/numpy/2.4.3/numpy-2.4.3-pp311-pypy311_pp73-macosx_10_15_x86_64.whl", hash = "sha256:c6b124bfcafb9e8d3ed09130dbee44848c20b3e758b6bbf006e641778927c028" },
    { url = "https://pypi-mirror.gitverse.ru/packages/numpy/2.4.3/numpy-2.4.3-pp311-pypy311_pp73-macosx_11_0_arm64.whl", hash = "sha256:76dbb9d4e43c16cf9aa711fcd8de1e2eeb27539dcefb60a1d5e9f12fae1d1ed8" },
    { url = "https://pypi-mirror.gitverse.ru/packages/numpy/2.4.3/numpy-2.4.3-pp311-pypy311_pp73-macosx_14_0_arm64.whl", hash = "sha256:29363fbfa6f8ee855d7569c96ce524845e3d726d6c19b29eceec7dd555dab152" },
    { url = "https://pypi-mirror.gitverse.ru/packages/numpy/2.4.3/numpy-2.4.3-pp311-pypy311_pp73-macosx_14_0_x86_64.whl", hash = "sha256:bc71942c789ef415a37f0d4eab90341425a00d538cd0642445d30b41023d3395" },
    { url = "https://pypi-mirror.gitverse.ru/packages/numpy/2.4.3/numpy-2.4.3-pp311-pypy311_pp73-manylinux_2_27_aarch64.manylinux_2_28_aarch64.whl", hash = "sha256:7e58765ad74dcebd3ef0208a5078fba32dc8ec3578fe84a604432950cd043d79" },
    { url = "https://pypi-mirror.gitverse.ru/packages/numpy/2.4.3/numpy-2.4.3-pp311-pypy311_pp73-manylinux_2_27_x86_64.manylinux_2_28_x86_64.whl", hash = "sha256:8e236dbda4e1d319d681afcbb136c0c4a8e0f1a5c58ceec2adebb547357fe857" },
    { url = "https://pypi-mirror.gitverse.ru/packages/numpy/2.4.3/numpy-2.4.3-pp311-pypy311_pp73-win_amd64.whl", hash = "sha256:4b42639cdde6d24e732ff823a3fa5b701d8acad89c4142bc1d0bd6dc85200ba5" },
]

[[package]]
name = "packaging"
version = "26.0"
source = { registry = "https://pypi-mirror.gitverse.ru/simple/" }
sdist = { url = "https://pypi-mirror.gitverse.ru/packages/packaging/26.0/packaging-26.0.tar.gz", hash = "sha256:00243ae351a257117b6a241061796684b084ed1c516a08c48a3f7e147a9d80b4" }
wheels = [
    { url = "https://pypi-mirror.gitverse.ru/packages/packaging/26.0/packaging-26.0-py3-none-any.whl", hash = "sha256:b36f1fef9334a5588b4166f8bcd26a14e521f2b55e6b9de3aaa80d3ff7a37529" },
]

[[package]]
name = "pefile"
version = "2024.8.26"
source = { registry = "https://pypi-mirror.gitverse.ru/simple/" }
sdist = { url = "https://pypi-mirror.gitverse.ru/packages/pefile/2024.8.26/pefile-2024.8.26.tar.gz", hash = "sha256:3ff6c5d8b43e8c37bb6e6dd5085658d658a7a0bdcd20b6a07b1fcfc1c4e9d632" }
wheels = [
    { url = "https://pypi-mirror.gitverse.ru/packages/pefile/2024.8.26/pefile-2024.8.26-py3-none-any.whl", hash = "sha256:76f8b485dcd3b1bb8166f1128d395fa3d87af26360c2358fb75b80019b957c6f" },
]

[[package]]
name = "pyaes"
version = "1.6.1"
source = { registry = "https://pypi-mirror.gitverse.ru/simple/" }
sdist = { url = "https://pypi-mirror.gitverse.ru/packages/pyaes/1.6.1/pyaes-1.6.1.tar.gz", hash = "sha256:02c1b1405c38d3c370b085fb952dd8bea3fadcee6411ad99f312cc129c536d8f" }

[[package]]
name = "pyinstaller"
version = "6.19.0"
source = { registry = "https://pypi-mirror.gitverse.ru/simple/" }
dependencies = [
    { name = "altgraph" },
    { name = "importlib-metadata", marker = "python_full_version < '3.10'" },
    { name = "macholib", marker = "sys_platform == 'darwin'" },
    { name = "packaging" },
    { name = "pefile", marker = "sys_platform == 'win32'" },
    { name = "pyinstaller-hooks-contrib" },
    { name = "pywin32-ctypes", marker = "sys_platform == 'win32'" },
    { name = "setuptools" },
]
sdist = { url = "https://pypi-mirror.gitverse.ru/packages/pyinstaller/6.19.0/pyinstaller-6.19.0.tar.gz", hash = "sha256:ec73aeb8bd9b7f2f1240d328a4542e90b3c6e6fbc106014778431c616592a865" }
wheels = [
    { url = "https://pypi-mirror.gitverse.ru/packages/pyinstaller/6.19.0/pyinstaller-6.19.0-py3-none-macosx_10_13_universal2.whl", hash = "sha256:4190e76b74f0c4b5c5f11ac360928cd2e36ec8e3194d437bf6b8648c7bc0c134" },
    { url = "https://pypi-mirror.gitverse.ru/packages/pyinstaller/6.19.0/pyinstaller-6.19.0-py3-none-manylinux2014_aarch64.whl", hash = "sha256:8bd68abd812d8a6ba33b9f1810e91fee0f325969733721b78151f0065319ca11" },
    { url = "https://pypi-mirror.gitverse.ru/packages/pyinstaller/6.19.0/pyinstaller-6.19.0-py3-none-manylinux2014_i686.whl", hash = "sha256:1ec54ef967996ca61dacba676227e2b23219878ccce5ee9d6f3aada7b8ed8abf" },
    { url = "https://pypi-mirror.gitverse.ru/packages/pyinstaller/6.19.0/pyinstaller-6.19.0-py3-none-manylinux2014_ppc64le.whl", hash = "sha256:4ab2bb52e58448e14ddf9450601bdedd66800465043501c1d8f1cab87b60b122" },
    { url = "https://pypi-mirror.gitverse.ru/packages/pyinstaller/6.19.0/pyinstaller-6.19.0-py3-none-manylinux2014_s390x.whl", hash = "sha256:da6d5c6391ccefe73554b9fa29b86001c8e378e0f20c2a4004f836ba537eff63" },
    { url = "https://pypi-mirror.gitverse.ru/packages/pyinstaller/6.19.0/pyinstaller-6.19.0-py3-none-manylinux2014_x86_64.whl", hash = "sha256:a0fc5f6b3c55aa54353f0c74ffa59b1115433c1850c6f655d62b461a2ed6cbbe" },
    { url = "https://pypi-mirror.gitverse.ru/packages/pyinstaller/6.19.0/pyinstaller-6.19.0-py3-none-musllinux_1_1_aarch64.whl", hash = "sha256:e649ba6bd1b0b89b210ad92adb5fbdc8a42dd2c5ca4f72ef3a0bfec83a424b83" },
    { url = "https://pypi-mirror.gitverse.ru/packages/pyinstaller/6.19.0/pyinstaller-6.19.0-py3-none-musllinux_1_1_x86_64.whl", hash = "sha256:481a909c8e60c8692fc60fcb1344d984b44b943f8bc9682f2fcdae305ad297e6" },
    { url = "https://pypi-mirror.gitverse.ru/packages/pyinstaller/6.19.0/pyinstaller-6.19.0-py3-none-win32.whl", hash = "sha256:3c5c251054fe4cfaa04c34a363dcfbf811545438cb7198304cd444756bc2edd2" },
    { url = "https://pypi-mirror.gitverse.ru/packages/pyinstaller/6.19.0/pyinstaller-6.19.0-py3-none-win_amd64.whl", hash = "sha256:b5bb6536c6560330d364d91522250f254b107cf69129d9cbcd0e6727c570be33" },
    { url = "https://pypi-mirror.gitverse.ru/packages/pyinstaller/6.19.0/pyinstaller-6.19.0-py3-none-win_arm64.whl", hash = "sha256:c2d5a539b0bfe6159d5522c8c70e1c0e487f22c2badae0f97d45246223b798ea" },
]

[[package]]
name = "pyinstaller-hooks-contrib"
version = "2026.3"
source = { registry = "https://pypi-mirror.gitverse.ru/simple/" }
dependencies = [
    { name = "importlib-metadata", marker = "python_full_version < '3.10'" },
    { name = "packaging" },
    { name = "setuptools" },
]
sdist = { url = "https://pypi-mirror.gitverse.ru/packages/pyinstaller-hooks-contrib/2026.3/pyinstaller_hooks_contrib-2026.3.tar.gz", hash = "sha256:800d3a198a49a6cd0de2d7fb795005fdca7a0222ed9cb47c0691abd1c27b9310" }
wheels = [
    { url = "https://pypi-mirror.gitverse.ru/packages/pyinstaller-hooks-contrib/2026.3/pyinstaller_hooks_contrib-2026.3-py3-none-any.whl", hash = "sha256:5ecd1068ad262afecadf07556279d2be52ca93a88b049fae17f1a2eb2969254a" },
]

[[package]]
name = "pysocks"
version = "1.7.1"
source = { registry = "https://pypi-mirror.gitverse.ru/simple/" }
sdist = { url = "https://pypi-mirror.gitverse.ru/packages/pysocks/1.7.1/PySocks-1.7.1.tar.gz", hash = "sha256:3f8804571ebe159c380ac6de37643bb4685970655d3bba243530d6558b799aa0" }
wheels = [
    { url = "https://pypi-mirror.gitverse.ru/packages/pysocks/1.7.1/PySocks-1.7.1-py3-none-any.whl", hash = "sha256:2725bd0a9925919b9b51739eea5f9e2bae91e83288108a9ad338b2e3a4435ee5" },
]

[[package]]
name = "pywin32-ctypes"
version = "0.2.3"
source = { registry = "https://pypi-mirror.gitverse.ru/simple/" }
sdist = { url = "https://pypi-mirror.gitverse.ru/packages/pywin32-ctypes/0.2.3/pywin32-ctypes-0.2.3.tar.gz", hash = "sha256:d162dc04946d704503b2edc4d55f3dba5c1d539ead017afa00142c38b9885755" }
wheels = [
    { url = "https://pypi-mirror.gitverse.ru/packages/pywin32-ctypes/0.2.3/pywin32_ctypes-0.2.3-py3-none-any.whl", hash = "sha256:8a1513379d709975552d202d942d9837758905c8d01eb82b8bcc30918929e7b8" },
]

[[package]]
name = "setuptools"
version = "82.0.1"
source = { registry = "https://pypi-mirror.gitverse.ru/simple/" }
sdist = { url = "https://pypi-mirror.gitverse.ru/packages/setuptools/82.0.1/setuptools-82.0.1.tar.gz", hash = "sha256:7d872682c5d01cfde07da7bccc7b65469d3dca203318515ada1de5eda35efbf9" }
wheels = [
    { url = "https://pypi-mirror.gitverse.ru/packages/setuptools/82.0.1/setuptools-82.0.1-py3-none-any.whl", hash = "sha256:a59e362652f08dcd477c78bb6e7bd9d80a7995bc73ce773050228a348ce2e5bb" },
]

[[package]]
name = "tg-file-exporter"
version = "1.1.22"
source = { virtual = "." }
dependencies = [
    { name = "aiosqlite" },
    { name = "kurigram" },
    { name = "loguru" },
    { name = "tgcrypto" },
    { name = "wxasync" },
    { name = "wxwidgets" },
]

[package.dev-dependencies]
dev = [
    { name = "pyinstaller" },
]

[package.metadata]
requires-dist = [
    { name = "aiosqlite", specifier = ">=0.22.1" },
    { name = "kurigram" },
    { name = "loguru", specifier = ">=0.7.3" },
    { name = "tgcrypto" },
    { name = "wxasync", specifier = ">=0.49" },
    { name = "wxwidgets", specifier = ">=1.0.5" },
]

[package.metadata.requires-dev]
dev = [{ name = "pyinstaller" }]

[[package]]
name = "tgcrypto"
version = "1.2.5"
source = { registry = "https://pypi-mirror.gitverse.ru/simple/" }
sdist = { url = "https://pypi-mirror.gitverse.ru/packages/tgcrypto/1.2.5/TgCrypto-1.2.5.tar.gz", hash = "sha256:9bc2cac6fb9a12ef5b08f3dd500174fe374d89b660cce981f57e3138559cb682" }
wheels = [
    { url = "https://pypi-mirror.gitverse.ru/packages/tgcrypto/1.2.5/TgCrypto-1.2.5-cp310-cp310-macosx_10_9_universal2.whl", hash = "sha256:4507102377002966f35f2481830b7529e00c9bbff8c7d1e09634f984af801675" },
    { url = "https://pypi-mirror.gitverse.ru/packages/tgcrypto/1.2.5/TgCrypto-1.2.5-cp310-cp310-macosx_10_9_x86_64.whl", hash = "sha256:38fe25c0d79b41d7a89caba2a78dea0358e17ca73b033cefd16abed680685829" },
    { url = "https://pypi-mirror.gitverse.ru/packages/tgcrypto/1.2.5/TgCrypto-1.2.5-cp310-cp310-macosx_11_0_arm64.whl", hash = "sha256:c035bf8ef89846f67e77e82ea85c089b6ea30631b32e8ac1a6511b9be52ab065" },
    { url = "https://pypi-mirror.gitverse.ru/packages/tgcrypto/1.2.5/TgCrypto-1.2.5-cp310-cp310-manylinux_2_17_x86_64.manylinux2014_x86_64.whl", hash = "sha256:f594e2680daf20dbac6bf56862f567ddc3cc8d6a19757ed07faa8320ff7acee4" },
    { url = "https://pypi-mirror.gitverse.ru/packages/tgcrypto/1.2.5/TgCrypto-1.2.5-cp310-cp310-manylinux_2_5_i686.manylinux1_i686.manylinux_2_17_i686.manylinux2014_i686.whl", hash = "sha256:8723a16076e229ffdf537fdb5e638227d10f44ca43e6939db1eab524de6eaed7" },
    { url = "https://pypi-mirror.gitverse.ru/packages/tgcrypto/1.2.5/TgCrypto-1.2.5-cp310-cp310-musllinux_1_1_i686.whl", hash = "sha256:c1c8d974b8b2d7132364b6f0f6712b92bfe47ab9c5dcee25c70327ff68d22d95" },
    { url = "https://pypi-mirror.gitverse.ru/packages/tgcrypto/1.2.5/TgCrypto-1.2.5-cp310-cp310-musllinux_1_1_x86_64.whl", hash = "sha256:89d9c143a1fcdb2562a4aa887152abbe9253e1979d7bebef2b489148e0bbe086" },
    { url = "https://pypi-mirror.gitverse.ru/packages/tgcrypto/1.2.5/TgCrypto-1.2.5-cp310-cp310-win32.whl", hash = "sha256:aa4bc1d11d4a90811c162abd45a5981f171679d1b5bd0322cd7ccd16447366a2" },
    { url = "https://pypi-mirror.gitverse.ru/packages/tgcrypto/1.2.5/TgCrypto-1.2.5-cp310-cp310-win_amd64.whl", hash = "sha256:39145103614c5e38fe938549742d355920f4a0778fa8259eb69c0c85ba4b1d28" },
    { url = "https://pypi-mirror.gitverse.ru/packages/tgcrypto/1.2.5/TgCrypto-1.2.5-cp311-cp311-macosx_10_9_universal2.whl", hash = "sha256:59597cdb1c87eb1184088563d20b42a8f2e431e9334fed64926079044ad2a4af" },
    { url = "https://pypi-mirror.gitverse.ru/packages/tgcrypto/1.2.5/TgCrypto-1.2.5-cp311-cp311-macosx_10_9_x86_64.whl", hash = "sha256:1283337ae75b02406dd700377b8b783e70033b548492517df6e6c4156b0ed69c" },
    { url = "https://pypi-mirror.gitverse.ru/packages/tgcrypto/1.2.5/TgCrypto-1.2.5-cp311-cp311-macosx_11_0_arm64.whl", hash = "sha256:1735437df0023a40e5fdd95e6b09ce806ec8f2cd2f8879023818840dfae60cab" },
    { url = "https://pypi-mirror.gitverse.ru/packages/tgcrypto/1.2.5/TgCrypto-1.2.5-cp311-cp311-manylinux_2_17_x86_64.manylinux2014_x86_64.whl", hash = "sha256:cfa17a20206532c6d2442c9d7a7f6434120bd75896ad9a3e9b9277477afa084f" },
    { url = "https://pypi-mirror.gitverse.ru/packages/tgcrypto/1.2.5/TgCrypto-1.2.5-cp311-cp311-manylinux_2_5_i686.manylinux1_i686.manylinux_2_17_i686.manylinux2014_i686.whl", hash = "sha256:48da3674474839e5619e7430ff1f98aed9f55369f3cfaef7f65511852869572e" },
    { url = "https://pypi-mirror.gitverse.ru/packages/tgcrypto/1.2.5/TgCrypto-1.2.5-cp311-cp311-musllinux_1_1_i686.whl", hash = "sha256:b49e982e5b156be821a5235bd9102c00dc506a58607e2c8bd50ac872724a951f" },
    { url = "https://pypi-mirror.gitverse.ru/packages/tgcrypto/1.2.5/TgCrypto-1.2.5-cp311-cp311-musllinux_1_1_x86_64.whl", hash = "sha256:9d9f13586065a6d86d05c16409054033a84be208acee29b49f6f194e27b08642" },
    { url = "https://pypi-mirror.gitverse.ru/packages/tgcrypto/1.2.5/TgCrypto-1.2.5-cp311-cp311-win32.whl", hash = "sha256:10dd3870aecb1a783c6eafd3b164b2149dbc93a9ee13feb7e6f5c58f87c24cd0" },
    { url = "https://pypi-mirror.gitverse.ru/packages/tgcrypto/1.2.5/TgCrypto-1.2.5-cp311-cp311-win_amd64.whl", hash = "sha256:a1beec47d6af8b509af7cf266e30f7703208076076594714005b42d2c25225b3" },
    { url = "https://pypi-mirror.gitverse.ru/packages/tgcrypto/1.2.5/TgCrypto-1.2.5-cp39-cp39-macosx_10_9_universal2.whl", hash = "sha256:7885a75db09ce8bdba42d2c332085bfe314f232541a729808c7507ffa261ff9a" },
    { url = "https://pypi-mirror.gitverse.ru/packages/tgcrypto/1.2.5/TgCrypto-1.2.5-cp39-cp39-macosx_10_9_x86_64.whl", hash = "sha256:0d28aa317364a5c27317fe97a48267aa1c65c9aaf589909e97489ebe82a714e3" },
    { url = "https://pypi-mirror.gitverse.ru/packages/tgcrypto/1.2.5/TgCrypto-1.2.5-cp39-cp39-macosx_11_0_arm64.whl", hash = "sha256:940974e19044dc65bcf7b9c5255173b896dff010142f3833047dc55d59cde21c" },
    { url = "https://pypi-mirror.gitverse.ru/packages/tgcrypto/1.2.5/TgCrypto-1.2.5-cp39-cp39-manylinux_2_17_x86_64.manylinux2014_x86_64.whl", hash = "sha256:457c657dd10ffb4bbbb007132a0f6a7bee5080176a98c51f285fedf636b624cb" },
    { url = "https://pypi-mirror.gitverse.ru/packages/tgcrypto/1.2.5/TgCrypto-1.2.5-cp39-cp39-manylinux_2_5_i686.manylinux1_i686.manylinux_2_17_i686.manylinux2014_i686.whl", hash = "sha256:539bdc6b9239fb6a6b134591a998dc7f50d4dcc4fed861f80540682acc0c3802" },
    { url = "https://pypi-mirror.gitverse.ru/packages/tgcrypto/1.2.5/TgCrypto-1.2.5-cp39-cp39-musllinux_1_1_i686.whl", hash = "sha256:4d70d5517d64ca952896b726d22c8a66594e6f6259ee2cb4fa134c02d0e8c3e0" },
    { url = "https://pypi-mirror.gitverse.ru/packages/tgcrypto/1.2.5/TgCrypto-1.2.5-cp39-cp39-musllinux_1_1_x86_64.whl", hash = "sha256:90b6337d3ae4348ed14f89dd2ebf7011fa63d67a48c8a98d955a1e392176c60a" },
    { url = "https://pypi-mirror.gitverse.ru/packages/tgcrypto/1.2.5/TgCrypto-1.2.5-cp39-cp39-win32.whl", hash = "sha256:37c4b9be82716fbc6d2b123caef448eee28683888803db075d842327766f7624" },
    { url = "https://pypi-mirror.gitverse.ru/packages/tgcrypto/1.2.5/TgCrypto-1.2.5-cp39-cp39-win_amd64.whl", hash = "sha256:6e96b3a478fae977228c5750194c20a18cde402bbbea6593de424f84d4a8893b" },
    { url = "https://pypi-mirror.gitverse.ru/packages/tgcrypto/1.2.5/TgCrypto-1.2.5-pp39-pypy39_pp73-macosx_10_9_x86_64.whl", hash = "sha256:9b0a088ff2e05b6bbe891da936f62b99bd85202b2b9f4f57f71a408490dd518c" },
    { url = "https://pypi-mirror.gitverse.ru/packages/tgcrypto/1.2.5/TgCrypto-1.2.5-pp39-pypy39_pp73-manylinux_2_17_x86_64.manylinux2014_x86_64.whl", hash = "sha256:f245895c7d518342089d15b5dca3cee9ffa5a0f3534db9d5a930f6a27dff4adf" },
    { url = "https://pypi-mirror.gitverse.ru/packages/tgcrypto/1.2.5/TgCrypto-1.2.5-pp39-pypy39_pp73-manylinux_2_5_i686.manylinux1_i686.manylinux_2_17_i686.manylinux2014_i686.whl", hash = "sha256:7dbf607d645c39a577a0f8571039d11ddd2dcdf9656465be75f9e0f540472444" },
    { url = "https://pypi-mirror.gitverse.ru/packages/tgcrypto/1.2.5/TgCrypto-1.2.5-pp39-pypy39_pp73-win_amd64.whl", hash = "sha256:d6b0c2dc84e632ce7b3d0b767cfe20967e557ad7d71ea5dbd7df2dd544323181" },
]

[[package]]
name = "typing-extensions"
version = "4.15.0"
source = { registry = "https://pypi-mirror.gitverse.ru/simple/" }
sdist = { url = "https://pypi-mirror.gitverse.ru/packages/typing-extensions/4.15.0/typing_extensions-4.15.0.tar.gz", hash = "sha256:0cea48d173cc12fa28ecabc3b837ea3cf6f38c6d1136f85cbaaf598984861466" }
wheels = [
    { url = "https://pypi-mirror.gitverse.ru/packages/typing-extensions/4.15.0/typing_extensions-4.15.0-py3-none-any.whl", hash = "sha256:f0fa19c6845758ab08074a0cfa8b7aecb71c999ca73d62883bc25cc018c4e548" },
]

[[package]]
name = "webcolors"
version = "24.11.1"
source = { registry = "https://pypi-mirror.gitverse.ru/simple/" }
resolution-markers = [
    "python_full_version < '3.10'",
]
sdist = { url = "https://pypi-mirror.gitverse.ru/packages/webcolors/24.11.1/webcolors-24.11.1.tar.gz", hash = "sha256:ecb3d768f32202af770477b8b65f318fa4f566c22948673a977b00d589dd80f6" }
wheels = [
    { url = "https://pypi-mirror.gitverse.ru/packages/webcolors/24.11.1/webcolors-24.11.1-py3-none-any.whl", hash = "sha256:515291393b4cdf0eb19c155749a096f779f7d909f7cceea072791cb9095b92e9" },
]

[[package]]
name = "webcolors"
version = "25.10.0"
source = { registry = "https://pypi-mirror.gitverse.ru/simple/" }
resolution-markers = [
    "python_full_version >= '3.11'",
    "python_full_version == '3.10.*'",
]
sdist = { url = "https://pypi-mirror.gitverse.ru/packages/webcolors/25.10.0/webcolors-25.10.0.tar.gz", hash = "sha256:62abae86504f66d0f6364c2a8520de4a0c47b80c03fc3a5f1815fedbef7c19bf" }
wheels = [
    { url = "https://pypi-mirror.gitverse.ru/packages/webcolors/25.10.0/webcolors-25.10.0-py3-none-any.whl", hash = "sha256:032c727334856fc0b968f63daa252a1ac93d33db2f5267756623c210e57a4f1d" },
]

[[package]]
name = "win32-setctime"
version = "1.2.0"
source = { registry = "https://pypi-mirror.gitverse.ru/simple/" }
sdist = { url = "https://pypi-mirror.gitverse.ru/packages/win32-setctime/1.2.0/win32_setctime-1.2.0.tar.gz", hash = "sha256:ae1fdf948f5640aae05c511ade119313fb6a30d7eabe25fef9764dca5873c4c0" }
wheels = [
    { url = "https://pypi-mirror.gitverse.ru/packages/win32-setctime/1.2.0/win32_setctime-1.2.0-py3-none-any.whl", hash = "sha256:95d644c4e708aba81dc3704a116d8cbc974d70b3bdb8be1d150e36be6e9d1390" },
]

[[package]]
name = "wxasync"
version = "0.49"
source = { registry = "https://pypi-mirror.gitverse.ru/simple/" }
dependencies = [
    { name = "wxpython", version = "4.2.4", source = { registry = "https://pypi-mirror.gitverse.ru/simple/" }, marker = "python_full_version < '3.10'" },
    { name = "wxpython", version = "4.2.5", source = { registry = "https://pypi-mirror.gitverse.ru/simple/" }, marker = "python_full_version >= '3.10'" },
]
sdist = { url = "https://pypi-mirror.gitverse.ru/packages/wxasync/0.49/wxasync-0.49.tar.gz", hash = "sha256:8c05dcdc165cc71e8d2aece4ee8ed20019fafff05d2657d50b6b7bfb1fe10091" }
wheels = [
    { url = "https://pypi-mirror.gitverse.ru/packages/wxasync/0.49/wxasync-0.49-py3-none-any.whl", hash = "sha256:2cd98ebb0c3e4807cd00b232deb0727440fd142e12914fe3d4a041c959c2ed8f" },
]

[[package]]
name = "wxpython"
version = "4.2.4"
source = { registry = "https://pypi-mirror.gitverse.ru/simple/" }
resolution-markers = [
    "python_full_version < '3.10'",
]
dependencies = [
    { name = "numpy", version = "2.0.2", source = { registry = "https://pypi-mirror.gitverse.ru/simple/" } },
    { name = "typing-extensions" },
]
sdist = { url = "https://pypi-mirror.gitverse.ru/packages/wxpython/4.2.4/wxpython-4.2.4.tar.gz", hash = "sha256:2eb123979c87bcb329e8a2452269d60ff8f9f651e9bf25c67579e53c4ebbae3c" }
wheels = [
    { url = "https://pypi-mirror.gitverse.ru/packages/wxpython/4.2.4/wxpython-4.2.4-cp310-cp310-macosx_10_10_x86_64.whl", hash = "sha256:ac29d594f5ed512d1c70b2bed799dd9158f904aa6a92365e48b561c1cbd7b009" },
    { url = "https://pypi-mirror.gitverse.ru/packages/wxpython/4.2.4/wxpython-4.2.4-cp310-cp310-macosx_11_0_arm64.whl", hash = "sha256:bc96d4fb43d2e049f65831e1ab703eb617d26c9c112fdd6acd59ed1823a69870" },
    { url = "https://pypi-mirror.gitverse.ru/packages/wxpython/4.2.4/wxpython-4.2.4-cp310-cp310-win32.whl", hash = "sha256:2d020c0b0db1869d58ee646afd9cc1276520a77a9d800d407927bfee35678970" },
    { url = "https://pypi-mirror.gitverse.ru/packages/wxpython/4.2.4/wxpython-4.2.4-cp310-cp310-win_amd64.whl", hash = "sha256:95d390e0bf4bd8c4c1d77e2205887a5bc84e950e4f44719d66f8d14f59c777eb" },
    { url = "https://pypi-mirror.gitverse.ru/packages/wxpython/4.2.4/wxpython-4.2.4-cp311-cp311-macosx_10_10_x86_64.whl", hash = "sha256:99478006f60ecf622ba55f8cda9177d3f2933f513589404a1e1c87eb8b0924b6" },
    { url = "https://pypi-mirror.gitverse.ru/packages/wxpython/4.2.4/wxpython-4.2.4-cp311-cp311-macosx_11_0_arm64.whl", hash = "sha256:ec7d264dbb2301fdb6ee7bbe722652b06ab1aa4b6e25a76cba99d8a38aea8855" },
    { url = "https://pypi-mirror.gitverse.ru/packages/wxpython/4.2.4/wxpython-4.2.4-cp311-cp311-win32.whl", hash = "sha256:b86b0258074f4ec16b234274fa0c32c42e039124c9f6f36529091c9a00ebff4d" },
    { url = "https://pypi-mirror.gitverse.ru/packages/wxpython/4.2.4/wxpython-4.2.4-cp311-cp311-win_amd64.whl", hash = "sha256:f48fe7b9f22c7733a06b5901559b5b7e4835fa852cbef0f620ffd0a0030aaf73" },
    { url = "https://pypi-mirror.gitverse.ru/packages/wxpython/4.2.4/wxpython-4.2.4-cp311-cp311-win_arm64.whl", hash = "sha256:fe83813241dfb94780f18dff1678d1ffd097116a8b8fea0272a332c387f69ef8" },
    { url = "https://pypi-mirror.gitverse.ru/packages/wxpython/4.2.4/wxpython-4.2.4-cp39-cp39-macosx_10_10_x86_64.whl", hash = "sha256:a2ec6de12ad17ecc54ffd19d8158c6b3970fd817aca1f3231f57e9418c964df8" },
    { url = "https://pypi-mirror.gitverse.ru/packages/wxpython/4.2.4/wxpython-4.2.4-cp39-cp39-macosx_11_0_arm64.whl", hash = "sha256:48a3efea46fe52891035c042c8481ed0a1a3b613f4eff38781f3a2e1951002a8" },
    { url = "https://pypi-mirror.gitverse.ru/packages/wxpython/4.2.4/wxpython-4.2.4-cp39-cp39-win32.whl", hash = "sha256:e31e645ed4f0b048954f230f9a3d8dce84054fe9161f2f3ceeb2bbf176126424" },
    { url = "https://pypi-mirror.gitverse.ru/packages/wxpython/4.2.4/wxpython-4.2.4-cp39-cp39-win_amd64.whl", hash = "sha256:1771079f39cfe1fd52a2302bf7d59fad716b71cb5369c9423480b1a518a72afd" },
]

[[package]]
name = "wxpython"
version = "4.2.5"
source = { registry = "https://pypi-mirror.gitverse.ru/simple/" }
resolution-markers = [
    "python_full_version >= '3.11'",
    "python_full_version == '3.10.*'",
]
dependencies = [
    { name = "numpy", version = "2.2.6", source = { registry = "https://pypi-mirror.gitverse.ru/simple/" }, marker = "python_full_version < '3.11'" },
    { name = "numpy", version = "2.4.3", source = { registry = "https://pypi-mirror.gitverse.ru/simple/" }, marker = "python_full_version >= '3.11'" },
    { name = "typing-extensions", marker = "python_full_version < '3.11'" },
]
sdist = { url = "https://pypi-mirror.gitverse.ru/packages/wxpython/4.2.5/wxpython-4.2.5.tar.gz", hash = "sha256:44e836d1bccd99c38790bb034b6ecf70d9060f6734320560f7c4b0d006144793" }
wheels = [
    { url = "https://pypi-mirror.gitverse.ru/packages/wxpython/4.2.5/wxpython-4.2.5-cp310-cp310-macosx_11_0_arm64.whl", hash = "sha256:c97ccd3f2da567eff43f71948d9ace86c91dc80aa834e7b2dbeacd95eabbe9c6" },
    { url = "https://pypi-mirror.gitverse.ru/packages/wxpython/4.2.5/wxpython-4.2.5-cp310-cp310-macosx_14_0_x86_64.whl", hash = "sha256:402c61ea6c9f2904b0e0c2ffbd04ed38ad6ae4f25e0d9de529dbf44da0685346" },
    { url = "https://pypi-mirror.gitverse.ru/packages/wxpython/4.2.5/wxpython-4.2.5-cp310-cp310-win32.whl", hash = "sha256:d7e3b69a1f2ad383e8305efee11130dbe7542b6f6d8d5ba02fdce3cfc4c67ad6" },
    { url = "https://pypi-mirror.gitverse.ru/packages/wxpython/4.2.5/wxpython-4.2.5-cp310-cp310-win_amd64.whl", hash = "sha256:74fc76f8d22226e607d7072278cc09052da0cda508dea14a9933b014a4e5aeeb" },
    { url = "https://pypi-mirror.gitverse.ru/packages/wxpython/4.2.5/wxpython-4.2.5-cp311-cp311-macosx_11_0_arm64.whl", hash = "sha256:a5ecb93cc17e09e90d71a1f8d99a543268a5f019aeec058b24374926f79bb6fc" },
    { url = "https://pypi-mirror.gitverse.ru/packages/wxpython/4.2.5/wxpython-4.2.5-cp311-cp311-macosx_14_0_x86_64.whl", hash = "sha256:26f80c81a150c90c14b50cbb246b7048d65d737d0206d28a6860171b273af932" },
    { url = "https://pypi-mirror.gitverse.ru/packages/wxpython/4.2.5/wxpython-4.2.5-cp311-cp311-win32.whl", hash = "sha256:ade4d6b39c39770146ce1010df7d7a5a767d148b478133d49c36dffb0880a174" },
    { url = "https://pypi-mirror.gitverse.ru/packages/wxpython/4.2.5/wxpython-4.2.5-cp311-cp311-win_amd64.whl", hash = "sha256:508de82ac2b64aa575a543949c44dc7f83a734622bed01d8501474ab454f7bb7" },
    { url = "https://pypi-mirror.gitverse.ru/packages/wxpython/4.2.5/wxpython-4.2.5-cp311-cp311-win_arm64.whl", hash = "sha256:9bf5704eedd21bd1fe3143d8ed1cfe8250e1fbb651eb6c17a73533136745fe5a" },
]

[[package]]
name = "wxwidgets"
version = "1.0.5"
source = { registry = "https://pypi-mirror.gitverse.ru/simple/" }
dependencies = [
    { name = "webcolors", version = "24.11.1", source = { registry = "https://pypi-mirror.gitverse.ru/simple/" }, marker = "python_full_version < '3.10'" },
    { name = "webcolors", version = "25.10.0", source = { registry = "https://pypi-mirror.gitverse.ru/simple/" }, marker = "python_full_version >= '3.10'" },
    { name = "wxpython", version = "4.2.4", source = { registry = "https://pypi-mirror.gitverse.ru/simple/" }, marker = "python_full_version < '3.10'" },
    { name = "wxpython", version = "4.2.5", source = { registry = "https://pypi-mirror.gitverse.ru/simple/" }, marker = "python_full_version >= '3.10'" },
]
sdist = { url = "https://pypi-mirror.gitverse.ru/packages/wxwidgets/1.0.5/wxwidgets-1.0.5.tar.gz", hash = "sha256:4d4272921b944c03c2e1e583c851bd59ce08d58c926fd4d46b6ed3459ab0d192" }
wheels = [
    { url = "https://pypi-mirror.gitverse.ru/packages/wxwidgets/1.0.5/wxwidgets-1.0.5-py3-none-any.whl", hash = "sha256:8a4c935cc7be113bc295ab4db938062f8d3337b27780fad84fec87e76c90b016" },
]

[[package]]
name = "zipp"
version = "3.23.0"
source = { registry = "https://pypi-mirror.gitverse.ru/simple/" }
sdist = { url = "https://pypi-mirror.gitverse.ru/packages/zipp/3.23.0/zipp-3.23.0.tar.gz", hash = "sha256:a07157588a12518c9d4034df3fbbee09c814741a33ff63c05fa29d26a2404166" }
wheels = [
    { url = "https://pypi-mirror.gitverse.ru/packages/zipp/3.23.0/zipp-3.23.0-py3-none-any.whl", hash = "sha256:071652d6115ed432f5ce1d34c336c0adfd6a884660d1e9712a256d3d3bd4b14e" },
]
