version = 1
revision = 3
requires-python = "==3.11.11"

[[package]]
name = "colorama"
version = "0.4.6"
source = { registry = "https://pypi.org/simple" }
sdist = { url = "https://files.pythonhosted.org/packages/d8/53/6f443c9a4a8358a93a6792e2acffb9d9d5cb0a5cfd8802644b7b1c9a02e4/colorama-0.4.6.tar.gz", hash = "sha256:08695f5cb7ed6e0531a20572697297273c47b8cae5a63ffc6d6ed5c201be6e44", size = 27697, upload-time = "2022-10-25T02:36:22.414Z" }
wheels = [
    { url = "https://files.pythonhosted.org/packages/d1/d6/3965ed04c63042e047cb6a3e6ed1a63a35087b6a609aa3a15ed8ac56c221/colorama-0.4.6-py2.py3-none-any.whl", hash = "sha256:4f1d9991f5acc0ca119f9d443620b77f9d6b33703e51011c16baf57afb285fc6", size = 25335, upload-time = "2022-10-25T02:36:20.889Z" },
]

[[package]]
name = "kurigram"
version = "2.2.12"
source = { registry = "https://pypi.org/simple" }
dependencies = [
    { name = "pyaes" },
    { name = "pysocks" },
]
sdist = { url = "https://files.pythonhosted.org/packages/21/dc/da266f27a96d67725861dbf6d44c856adbd07f7cacb95a36e85df2e9cd22/kurigram-2.2.12.tar.gz", hash = "sha256:0c40b8881bda9f4a5ceed5d8fdf97811eecf0e76ea34e529d8181925450a4335", size = 523275, upload-time = "2025-09-19T20:00:16.921Z" }
wheels = [
    { url = "https://files.pythonhosted.org/packages/f2/9c/e325ab31c48f463b55d683a73e0345fa30dbc3a8dfc58130395655e07225/kurigram-2.2.12-py3-none-any.whl", hash = "sha256:f9dcedff87160cf48a911ee9b92b2e956b700c306e2bc10f008684962aed5eac", size = 5091137, upload-time = "2025-09-19T20:00:15.506Z" },
]

[[package]]
name = "loguru"
version = "0.7.3"
source = { registry = "https://pypi.org/simple" }
dependencies = [
    { name = "colorama", marker = "sys_platform == 'win32'" },
    { name = "win32-setctime", marker = "sys_platform == 'win32'" },
]
sdist = { url = "https://files.pythonhosted.org/packages/3a/05/a1dae3dffd1116099471c643b8924f5aa6524411dc6c63fdae648c4f1aca/loguru-0.7.3.tar.gz", hash = "sha256:19480589e77d47b8d85b2c827ad95d49bf31b0dcde16593892eb51dd18706eb6", size = 63559, upload-time = "2024-12-06T11:20:56.608Z" }
wheels = [
    { url = "https://files.pythonhosted.org/packages/0c/29/0348de65b8cc732daa3e33e67806420b2ae89bdce2b04af740289c5c6c8c/loguru-0.7.3-py3-none-any.whl", hash = "sha256:31a33c10c8e1e10422bfd431aeb5d351c7cf7fa671e3c4df004162264b28220c", size = 61595, upload-time = "2024-12-06T11:20:54.538Z" },
]

[[package]]
name = "numpy"
version = "2.3.3"
source = { registry = "https://pypi.org/simple" }
sdist = { url = "https://files.pythonhosted.org/packages/d0/19/95b3d357407220ed24c139018d2518fab0a61a948e68286a25f1a4d049ff/numpy-2.3.3.tar.gz", hash = "sha256:ddc7c39727ba62b80dfdbedf400d1c10ddfa8eefbd7ec8dcb118be8b56d31029", size = 20576648, upload-time = "2025-09-09T16:54:12.543Z" }
wheels = [
    { url = "https://files.pythonhosted.org/packages/7a/45/e80d203ef6b267aa29b22714fb558930b27960a0c5ce3c19c999232bb3eb/numpy-2.3.3-cp311-cp311-macosx_10_9_x86_64.whl", hash = "sha256:0ffc4f5caba7dfcbe944ed674b7eef683c7e94874046454bb79ed7ee0236f59d", size = 21259253, upload-time = "2025-09-09T15:56:02.094Z" },
    { url = "https://files.pythonhosted.org/packages/52/18/cf2c648fccf339e59302e00e5f2bc87725a3ce1992f30f3f78c9044d7c43/numpy-2.3.3-cp311-cp311-macosx_11_0_arm64.whl", hash = "sha256:e7e946c7170858a0295f79a60214424caac2ffdb0063d4d79cb681f9aa0aa569", size = 14450980, upload-time = "2025-09-09T15:56:05.926Z" },
    { url = "https://files.pythonhosted.org/packages/93/fb/9af1082bec870188c42a1c239839915b74a5099c392389ff04215dcee812/numpy-2.3.3-cp311-cp311-macosx_14_0_arm64.whl", hash = "sha256:cd4260f64bc794c3390a63bf0728220dd1a68170c169088a1e0dfa2fde1be12f", size = 5379709, upload-time = "2025-09-09T15:56:07.95Z" },
    { url = "https://files.pythonhosted.org/packages/75/0f/bfd7abca52bcbf9a4a65abc83fe18ef01ccdeb37bfb28bbd6ad613447c79/numpy-2.3.3-cp311-cp311-macosx_14_0_x86_64.whl", hash = "sha256:f0ddb4b96a87b6728df9362135e764eac3cfa674499943ebc44ce96c478ab125", size = 6913923, upload-time = "2025-09-09T15:56:09.443Z" },
    { url = "https://files.pythonhosted.org/packages/79/55/d69adad255e87ab7afda1caf93ca997859092afeb697703e2f010f7c2e55/numpy-2.3.3-cp311-cp311-manylinux_2_27_aarch64.manylinux_2_28_aarch64.whl", hash = "sha256:afd07d377f478344ec6ca2b8d4ca08ae8bd44706763d1efb56397de606393f48", size = 14589591, upload-time = "2025-09-09T15:56:11.234Z" },
    { url = "https://files.pythonhosted.org/packages/10/a2/010b0e27ddeacab7839957d7a8f00e91206e0c2c47abbb5f35a2630e5387/numpy-2.3.3-cp311-cp311-manylinux_2_27_x86_64.manylinux_2_28_x86_64.whl", hash = "sha256:bc92a5dedcc53857249ca51ef29f5e5f2f8c513e22cfb90faeb20343b8c6f7a6", size = 16938714, upload-time = "2025-09-09T15:56:14.637Z" },
    { url = "https://files.pythonhosted.org/packages/1c/6b/12ce8ede632c7126eb2762b9e15e18e204b81725b81f35176eac14dc5b82/numpy-2.3.3-cp311-cp311-musllinux_1_2_aarch64.whl", hash = "sha256:7af05ed4dc19f308e1d9fc759f36f21921eb7bbfc82843eeec6b2a2863a0aefa", size = 16370592, upload-time = "2025-09-09T15:56:17.285Z" },
    { url = "https://files.pythonhosted.org/packages/b4/35/aba8568b2593067bb6a8fe4c52babb23b4c3b9c80e1b49dff03a09925e4a/numpy-2.3.3-cp311-cp311-musllinux_1_2_x86_64.whl", hash = "sha256:433bf137e338677cebdd5beac0199ac84712ad9d630b74eceeb759eaa45ddf30", size = 18884474, upload-time = "2025-09-09T15:56:20.943Z" },
    { url = "https://files.pythonhosted.org/packages/45/fa/7f43ba10c77575e8be7b0138d107e4f44ca4a1ef322cd16980ea3e8b8222/numpy-2.3.3-cp311-cp311-win32.whl", hash = "sha256:eb63d443d7b4ffd1e873f8155260d7f58e7e4b095961b01c91062935c2491e57", size = 6599794, upload-time = "2025-09-09T15:56:23.258Z" },
    { url = "https://files.pythonhosted.org/packages/0a/a2/a4f78cb2241fe5664a22a10332f2be886dcdea8784c9f6a01c272da9b426/numpy-2.3.3-cp311-cp311-win_amd64.whl", hash = "sha256:ec9d249840f6a565f58d8f913bccac2444235025bbb13e9a4681783572ee3caa", size = 13088104, upload-time = "2025-09-09T15:56:25.476Z" },
    { url = "https://files.pythonhosted.org/packages/79/64/e424e975adbd38282ebcd4891661965b78783de893b381cbc4832fb9beb2/numpy-2.3.3-cp311-cp311-win_arm64.whl", hash = "sha256:74c2a948d02f88c11a3c075d9733f1ae67d97c6bdb97f2bb542f980458b257e7", size = 10460772, upload-time = "2025-09-09T15:56:27.679Z" },
    { url = "https://files.pythonhosted.org/packages/b8/f2/7e0a37cfced2644c9563c529f29fa28acbd0960dde32ece683aafa6f4949/numpy-2.3.3-pp311-pypy311_pp73-macosx_10_15_x86_64.whl", hash = "sha256:1e02c7159791cd481e1e6d5ddd766b62a4d5acf8df4d4d1afe35ee9c5c33a41e", size = 21131019, upload-time = "2025-09-09T15:58:42.838Z" },
    { url = "https://files.pythonhosted.org/packages/1a/7e/3291f505297ed63831135a6cc0f474da0c868a1f31b0dd9a9f03a7a0d2ed/numpy-2.3.3-pp311-pypy311_pp73-macosx_11_0_arm64.whl", hash = "sha256:dca2d0fc80b3893ae72197b39f69d55a3cd8b17ea1b50aa4c62de82419936150", size = 14376288, upload-time = "2025-09-09T15:58:45.425Z" },
    { url = "https://files.pythonhosted.org/packages/bf/4b/ae02e985bdeee73d7b5abdefeb98aef1207e96d4c0621ee0cf228ddfac3c/numpy-2.3.3-pp311-pypy311_pp73-macosx_14_0_arm64.whl", hash = "sha256:99683cbe0658f8271b333a1b1b4bb3173750ad59c0c61f5bbdc5b318918fffe3", size = 5305425, upload-time = "2025-09-09T15:58:48.6Z" },
    { url = "https://files.pythonhosted.org/packages/8b/eb/9df215d6d7250db32007941500dc51c48190be25f2401d5b2b564e467247/numpy-2.3.3-pp311-pypy311_pp73-macosx_14_0_x86_64.whl", hash = "sha256:d9d537a39cc9de668e5cd0e25affb17aec17b577c6b3ae8a3d866b479fbe88d0", size = 6819053, upload-time = "2025-09-09T15:58:50.401Z" },
    { url = "https://files.pythonhosted.org/packages/57/62/208293d7d6b2a8998a4a1f23ac758648c3c32182d4ce4346062018362e29/numpy-2.3.3-pp311-pypy311_pp73-manylinux_2_27_aarch64.manylinux_2_28_aarch64.whl", hash = "sha256:8596ba2f8af5f93b01d97563832686d20206d303024777f6dfc2e7c7c3f1850e", size = 14420354, upload-time = "2025-09-09T15:58:52.704Z" },
    { url = "https://files.pythonhosted.org/packages/ed/0c/8e86e0ff7072e14a71b4c6af63175e40d1e7e933ce9b9e9f765a95b4e0c3/numpy-2.3.3-pp311-pypy311_pp73-manylinux_2_27_x86_64.manylinux_2_28_x86_64.whl", hash = "sha256:e1ec5615b05369925bd1125f27df33f3b6c8bc10d788d5999ecd8769a1fa04db", size = 16760413, upload-time = "2025-09-09T15:58:55.027Z" },
    { url = "https://files.pythonhosted.org/packages/af/11/0cc63f9f321ccf63886ac203336777140011fb669e739da36d8db3c53b98/numpy-2.3.3-pp311-pypy311_pp73-win_amd64.whl", hash = "sha256:2e267c7da5bf7309670523896df97f93f6e469fb931161f483cd6882b3b1a5dc", size = 12971844, upload-time = "2025-09-09T15:58:57.359Z" },
]

[[package]]
name = "pyaes"
version = "1.6.1"
source = { registry = "https://pypi.org/simple" }
sdist = { url = "https://files.pythonhosted.org/packages/44/66/2c17bae31c906613795711fc78045c285048168919ace2220daa372c7d72/pyaes-1.6.1.tar.gz", hash = "sha256:02c1b1405c38d3c370b085fb952dd8bea3fadcee6411ad99f312cc129c536d8f", size = 28536, upload-time = "2017-09-20T21:17:54.23Z" }

[[package]]
name = "pysocks"
version = "1.7.1"
source = { registry = "https://pypi.org/simple" }
sdist = { url = "https://files.pythonhosted.org/packages/bd/11/293dd436aea955d45fc4e8a35b6ae7270f5b8e00b53cf6c024c83b657a11/PySocks-1.7.1.tar.gz", hash = "sha256:3f8804571ebe159c380ac6de37643bb4685970655d3bba243530d6558b799aa0", size = 284429, upload-time = "2019-09-20T02:07:35.714Z" }
wheels = [
    { url = "https://files.pythonhosted.org/packages/8d/59/b4572118e098ac8e46e399a1dd0f2d85403ce8bbaad9ec79373ed6badaf9/PySocks-1.7.1-py3-none-any.whl", hash = "sha256:2725bd0a9925919b9b51739eea5f9e2bae91e83288108a9ad338b2e3a4435ee5", size = 16725, upload-time = "2019-09-20T02:06:22.938Z" },
]

[[package]]
name = "tgcrypto"
version = "1.2.5"
source = { registry = "https://pypi.org/simple" }
sdist = { url = "https://files.pythonhosted.org/packages/33/59/7cf5ced989e3139a791d5452d58cb8994de589576b80f9267ba76d794f6c/TgCrypto-1.2.5.tar.gz", hash = "sha256:9bc2cac6fb9a12ef5b08f3dd500174fe374d89b660cce981f57e3138559cb682", size = 37280, upload-time = "2022-11-11T19:55:11.436Z" }
wheels = [
    { url = "https://files.pythonhosted.org/packages/48/e6/07dc413e57f3677e0b887975b174d9cbc8170e92651dd35a784da9571d5f/TgCrypto-1.2.5-cp311-cp311-macosx_10_9_universal2.whl", hash = "sha256:59597cdb1c87eb1184088563d20b42a8f2e431e9334fed64926079044ad2a4af", size = 58988, upload-time = "2022-11-11T19:51:41.686Z" },
    { url = "https://files.pythonhosted.org/packages/c1/fe/a418223ff6079184f50f5ad8c2dac37ec40adbb42b886c3ee44fdba2a540/TgCrypto-1.2.5-cp311-cp311-macosx_10_9_x86_64.whl", hash = "sha256:1283337ae75b02406dd700377b8b783e70033b548492517df6e6c4156b0ed69c", size = 43347, upload-time = "2022-11-11T19:51:43.662Z" },
    { url = "https://files.pythonhosted.org/packages/39/0e/e861a9987c6d9d3ae04d156732311e018558f862490c466c369d73094807/TgCrypto-1.2.5-cp311-cp311-macosx_11_0_arm64.whl", hash = "sha256:1735437df0023a40e5fdd95e6b09ce806ec8f2cd2f8879023818840dfae60cab", size = 43123, upload-time = "2022-11-11T19:51:45.094Z" },
    { url = "https://files.pythonhosted.org/packages/0d/ce/d60e249ac4d31d591f4c8ca76e7bd537f4c54f1947b400a14ac3a1678b09/TgCrypto-1.2.5-cp311-cp311-manylinux_2_17_x86_64.manylinux2014_x86_64.whl", hash = "sha256:cfa17a20206532c6d2442c9d7a7f6434120bd75896ad9a3e9b9277477afa084f", size = 60713, upload-time = "2022-11-11T19:51:46.411Z" },
    { url = "https://files.pythonhosted.org/packages/27/55/50f81b1a557bd8f9b73f7fcda2381f8826665858750968394ceec0b01282/TgCrypto-1.2.5-cp311-cp311-manylinux_2_5_i686.manylinux1_i686.manylinux_2_17_i686.manylinux2014_i686.whl", hash = "sha256:48da3674474839e5619e7430ff1f98aed9f55369f3cfaef7f65511852869572e", size = 60418, upload-time = "2022-11-11T19:51:47.872Z" },
    { url = "https://files.pythonhosted.org/packages/f3/55/7f5f5a024b71ef81b07c3fe15e79d03b634eb349b04bc79a62c8c3ed3376/TgCrypto-1.2.5-cp311-cp311-musllinux_1_1_i686.whl", hash = "sha256:b49e982e5b156be821a5235bd9102c00dc506a58607e2c8bd50ac872724a951f", size = 64397, upload-time = "2022-11-11T19:51:49.609Z" },
    { url = "https://files.pythonhosted.org/packages/76/3e/8f059edce82de8ebbc1e513076c0f65a86fac95887fae21ae087440ef23a/TgCrypto-1.2.5-cp311-cp311-musllinux_1_1_x86_64.whl", hash = "sha256:9d9f13586065a6d86d05c16409054033a84be208acee29b49f6f194e27b08642", size = 64436, upload-time = "2022-11-11T19:51:51.414Z" },
    { url = "https://files.pythonhosted.org/packages/eb/87/fe894eb7c4cce4b6f710223c24e0ca22f4107fe46f3f56091ceabd482de7/TgCrypto-1.2.5-cp311-cp311-win32.whl", hash = "sha256:10dd3870aecb1a783c6eafd3b164b2149dbc93a9ee13feb7e6f5c58f87c24cd0", size = 44723, upload-time = "2022-11-11T19:51:52.982Z" },
    { url = "https://files.pythonhosted.org/packages/c1/fc/b918235b19b70a45f4a596c773fad2c379d941d2ac5005293e2ee18bdc63/TgCrypto-1.2.5-cp311-cp311-win_amd64.whl", hash = "sha256:a1beec47d6af8b509af7cf266e30f7703208076076594714005b42d2c25225b3", size = 45073, upload-time = "2022-11-11T19:51:54.724Z" },
]

[[package]]
name = "tgfileexporter"
version = "0.1.1"
source = { virtual = "." }
dependencies = [
    { name = "kurigram" },
    { name = "loguru" },
    { name = "tgcrypto" },
    { name = "wxasync" },
    { name = "wxwidgets" },
]

[package.metadata]
requires-dist = [
    { name = "kurigram", specifier = ">=2.2.12" },
    { name = "loguru", specifier = ">=0.7.3" },
    { name = "tgcrypto", specifier = ">=1.2.5" },
    { name = "wxasync", specifier = ">=0.49" },
    { name = "wxwidgets", specifier = ">=1.0.5" },
]

[[package]]
name = "webcolors"
version = "24.11.1"
source = { registry = "https://pypi.org/simple" }
sdist = { url = "https://files.pythonhosted.org/packages/7b/29/061ec845fb58521848f3739e466efd8250b4b7b98c1b6c5bf4d40b419b7e/webcolors-24.11.1.tar.gz", hash = "sha256:ecb3d768f32202af770477b8b65f318fa4f566c22948673a977b00d589dd80f6", size = 45064, upload-time = "2024-11-11T07:43:24.224Z" }
wheels = [
    { url = "https://files.pythonhosted.org/packages/60/e8/c0e05e4684d13459f93d312077a9a2efbe04d59c393bc2b8802248c908d4/webcolors-24.11.1-py3-none-any.whl", hash = "sha256:515291393b4cdf0eb19c155749a096f779f7d909f7cceea072791cb9095b92e9", size = 14934, upload-time = "2024-11-11T07:43:22.529Z" },
]

[[package]]
name = "win32-setctime"
version = "1.2.0"
source = { registry = "https://pypi.org/simple" }
sdist = { url = "https://files.pythonhosted.org/packages/b3/8f/705086c9d734d3b663af0e9bb3d4de6578d08f46b1b101c2442fd9aecaa2/win32_setctime-1.2.0.tar.gz", hash = "sha256:ae1fdf948f5640aae05c511ade119313fb6a30d7eabe25fef9764dca5873c4c0", size = 4867, upload-time = "2024-12-07T15:28:28.314Z" }
wheels = [
    { url = "https://files.pythonhosted.org/packages/e1/07/c6fe3ad3e685340704d314d765b7912993bcb8dc198f0e7a89382d37974b/win32_setctime-1.2.0-py3-none-any.whl", hash = "sha256:95d644c4e708aba81dc3704a116d8cbc974d70b3bdb8be1d150e36be6e9d1390", size = 4083, upload-time = "2024-12-07T15:28:26.465Z" },
]

[[package]]
name = "wxasync"
version = "0.49"
source = { registry = "https://pypi.org/simple" }
dependencies = [
    { name = "wxpython" },
]
sdist = { url = "https://files.pythonhosted.org/packages/ea/4a/3c68064db0c1de793f32c804f78edaa5d3c74ecb217b3d9dd6e398228356/wxasync-0.49.tar.gz", hash = "sha256:8c05dcdc165cc71e8d2aece4ee8ed20019fafff05d2657d50b6b7bfb1fe10091", size = 8342, upload-time = "2023-04-25T08:09:43.223Z" }
wheels = [
    { url = "https://files.pythonhosted.org/packages/e7/c1/197a5b9b6791e0d8fb3ff9b4d1c7a350ca90e8d25d18fe4bd1d22e37a2e3/wxasync-0.49-py3-none-any.whl", hash = "sha256:2cd98ebb0c3e4807cd00b232deb0727440fd142e12914fe3d4a041c959c2ed8f", size = 4496, upload-time = "2023-04-25T08:09:41.952Z" },
]

[[package]]
name = "wxpython"
version = "4.2.3"
source = { registry = "https://pypi.org/simple" }
dependencies = [
    { name = "numpy" },
]
sdist = { url = "https://files.pythonhosted.org/packages/4c/d9/4451392d3d6ba45aa23aa77a6f1a9970b43351b956bf61e10fd513a1dc38/wxPython-4.2.3.tar.gz", hash = "sha256:20d6e0c927e27ced85643719bd63e9f7fd501df6e9a8aab1489b039897fd7c01", size = 58861286, upload-time = "2025-04-10T02:49:43.557Z" }
wheels = [
    { url = "https://files.pythonhosted.org/packages/d0/f9/e9c38a0231d993810b8b4bc2f4e12a3162a3eb2d4d51788022f054f60a75/wxpython-4.2.3-cp311-cp311-macosx_10_10_x86_64.whl", hash = "sha256:0a66b0d6fe1d7e8e133fdfdee3cae95f70cc433929f36af08f377e103584f49c", size = 18746309, upload-time = "2025-04-10T02:48:51.12Z" },
    { url = "https://files.pythonhosted.org/packages/c3/43/e6dd8277465e03a372127d610dd7223de9126eb42fea381747ea67a91ebd/wxpython-4.2.3-cp311-cp311-macosx_11_0_arm64.whl", hash = "sha256:84a01d90c4514d738a05d9045f62b1f1850fbe8d967b4ae545ba090e74cb1216", size = 17841378, upload-time = "2025-04-10T02:48:54.34Z" },
    { url = "https://files.pythonhosted.org/packages/9a/28/18fc80c1ae7bdbbb2c03f6bc995b328b3518e5b3cd69a01fa5354b9acfa4/wxpython-4.2.3-cp311-cp311-win32.whl", hash = "sha256:4e5028d7092701ab20b3bef4547d6a7d528d82f12192d72595eeb98b2ebe6364", size = 14496540, upload-time = "2025-04-10T02:48:57.311Z" },
    { url = "https://files.pythonhosted.org/packages/da/8a/beb38cf4c74a6d8587372aef86c00dde6fec2c8d88292b8e36389aa9dc73/wxpython-4.2.3-cp311-cp311-win_amd64.whl", hash = "sha256:9040fe6ae7e0fd1b33c7020c392a08f94d205614a24e23b9c7a3a74a9836140d", size = 16562662, upload-time = "2025-04-10T02:48:59.804Z" },
    { url = "https://files.pythonhosted.org/packages/59/d3/27a92c73036ab6f649817b36565e0e76f5919fe37859038833fdbba3ba41/wxpython-4.2.3-cp311-cp311-win_arm64.whl", hash = "sha256:39bd411bcdf60d0e06d4ea8a5129e75c37e31d024906a92a91f6690564a35cc3", size = 15528129, upload-time = "2025-09-07T15:11:45.987Z" },
]

[[package]]
name = "wxwidgets"
version = "1.0.5"
source = { registry = "https://pypi.org/simple" }
dependencies = [
    { name = "webcolors" },
    { name = "wxpython" },
]
sdist = { url = "https://files.pythonhosted.org/packages/13/d6/dce3b09a4685a68ac30fbaeb45e005f90f822058bcd0a21c6983527d57c4/wxwidgets-1.0.5.tar.gz", hash = "sha256:4d4272921b944c03c2e1e583c851bd59ce08d58c926fd4d46b6ed3459ab0d192", size = 5288, upload-time = "2020-06-03T18:10:36.622Z" }
wheels = [
    { url = "https://files.pythonhosted.org/packages/a6/d8/f90c9195ac712af50531b89283ee4c4ef130dd60e45f5951f01f0adee94d/wxwidgets-1.0.5-py3-none-any.whl", hash = "sha256:8a4c935cc7be113bc295ab4db938062f8d3337b27780fad84fec87e76c90b016", size = 7479, upload-time = "2020-06-03T18:10:34.418Z" },
]
